// !$*UTF8*$!
{
	archiveVersion = 1;
	classes = {
	};
	objectVersion = 46;
	objects = {

/* Begin PBXBuildFile section */
		4918B9B2168498F000D4EAC4 /* Foundation.framework in Frameworks */ = {isa = PBXBuildFile; fileRef = 49AEF0F61619F565009D9F9B /* Foundation.framework */; };
		499C34C7161AFD7200BA2AC9 /* Foundation.framework in Frameworks */ = {isa = PBXBuildFile; fileRef = 49AEF0F61619F565009D9F9B /* Foundation.framework */; };
		49AD1B5716C282A10061BDC1 /* Foundation.framework in Frameworks */ = {isa = PBXBuildFile; fileRef = 49AEF0F61619F565009D9F9B /* Foundation.framework */; };
		49BF24A8161B0805000B1590 /* NSObject+AssociatedDictionary.m in Sources */ = {isa = PBXBuildFile; fileRef = 499C34B1161AF68000BA2AC9 /* NSObject+AssociatedDictionary.m */; };
		7B9D87A1181D1D5000043489 /* Cocoa.framework in Frameworks */ = {isa = PBXBuildFile; fileRef = 7B9D87A0181D1D5000043489 /* Cocoa.framework */; };
		7B9D87C5181D1D7700043489 /* ObjcAssociatedObjectHelpers.h in Headers */ = {isa = PBXBuildFile; fileRef = 49AEF10C1619F5E8009D9F9B /* ObjcAssociatedObjectHelpers.h */; settings = {ATTRIBUTES = (Public, ); }; };
		7B9D87C7181D1D8000043489 /* NSObject+AssociatedDictionary.m in Sources */ = {isa = PBXBuildFile; fileRef = 499C34B1161AF68000BA2AC9 /* NSObject+AssociatedDictionary.m */; };
		7BC3D5C6181DAB6B009338B5 /* NSObject+AssociatedDictionary.m in Sources */ = {isa = PBXBuildFile; fileRef = 499C34B1161AF68000BA2AC9 /* NSObject+AssociatedDictionary.m */; };
		7BC3D5C7181DAB93009338B5 /* NSObject+AssociatedDictionary.m in Sources */ = {isa = PBXBuildFile; fileRef = 499C34B1161AF68000BA2AC9 /* NSObject+AssociatedDictionary.m */; };
		7BC3D5C8181DABBE009338B5 /* ObjcAssociatedObjectHelpers.h in Headers */ = {isa = PBXBuildFile; fileRef = 49AEF10C1619F5E8009D9F9B /* ObjcAssociatedObjectHelpers.h */; settings = {ATTRIBUTES = (Public, ); }; };
		7BC3D5CC181DABF2009338B5 /* UnitTests.m in Sources */ = {isa = PBXBuildFile; fileRef = 49AEF1691619FB2C009D9F9B /* UnitTests.m */; };
/* End PBXBuildFile section */

/* Begin PBXContainerItemProxy section */
		7BC3D5C9181DABD7009338B5 /* PBXContainerItemProxy */ = {
			isa = PBXContainerItemProxy;
			containerPortal = 49AEF0E91619F565009D9F9B /* Project object */;
			proxyType = 1;
			remoteGlobalIDString = 7B9D879E181D1D5000043489;
			remoteInfo = ObjcAssociatedObjectHelper;
		};
/* End PBXContainerItemProxy section */

/* Begin PBXCopyFilesBuildPhase section */
		49AD1B5416C282A10061BDC1 /* CopyFiles */ = {
			isa = PBXCopyFilesBuildPhase;
			buildActionMask = 2147483647;
			dstPath = "include/${PRODUCT_NAME}";
			dstSubfolderSpec = 16;
			files = (
			);
			runOnlyForDeploymentPostprocessing = 0;
		};
/* End PBXCopyFilesBuildPhase section */

/* Begin PBXFileReference section */
		4918B9AE168498F000D4EAC4 /* ObjcAssociatedObjectHelpersLibTests.octest */ = {isa = PBXFileReference; explicitFileType = wrapper.cfbundle; includeInIndex = 0; path = ObjcAssociatedObjectHelpersLibTests.octest; sourceTree = BUILT_PRODUCTS_DIR; };
		499C34B1161AF68000BA2AC9 /* NSObject+AssociatedDictionary.m */ = {isa = PBXFileReference; fileEncoding = 4; lastKnownFileType = sourcecode.c.objc; path = "NSObject+AssociatedDictionary.m"; sourceTree = "<group>"; };
		49AD1B5616C282A10061BDC1 /* libObjcAssociatedObjectHelpersLib.a */ = {isa = PBXFileReference; explicitFileType = archive.ar; includeInIndex = 0; path = libObjcAssociatedObjectHelpersLib.a; sourceTree = BUILT_PRODUCTS_DIR; };
		49AD1B6716C2838C0061BDC1 /* ObjcAssociatedObjectHelpers.framework */ = {isa = PBXFileReference; explicitFileType = wrapper.framework; includeInIndex = 0; path = ObjcAssociatedObjectHelpers.framework; sourceTree = BUILT_PRODUCTS_DIR; };
		49AD1B7716C293960061BDC1 /* ObjcAssociatedObjectHelpers.podspec */ = {isa = PBXFileReference; lastKnownFileType = text; path = ObjcAssociatedObjectHelpers.podspec; sourceTree = "<group>"; };
		49AD1B7816C294A60061BDC1 /* LICENSE.txt */ = {isa = PBXFileReference; lastKnownFileType = text; path = LICENSE.txt; sourceTree = "<group>"; };
		49AEF0F61619F565009D9F9B /* Foundation.framework */ = {isa = PBXFileReference; lastKnownFileType = wrapper.framework; name = Foundation.framework; path = System/Library/Frameworks/Foundation.framework; sourceTree = SDKROOT; };
		49AEF0FC1619F565009D9F9B /* ObjcAssociatedObjectHelpers-Prefix.pch */ = {isa = PBXFileReference; lastKnownFileType = sourcecode.c.h; name = "ObjcAssociatedObjectHelpers-Prefix.pch"; path = "ObjcAssociatedObjectHelpers/ObjcAssociatedObjectHelpers-Prefix.pch"; sourceTree = "<group>"; };
		49AEF10C1619F5E8009D9F9B /* ObjcAssociatedObjectHelpers.h */ = {isa = PBXFileReference; lastKnownFileType = sourcecode.c.h; path = ObjcAssociatedObjectHelpers.h; sourceTree = "<group>"; };
		49AEF1591619FB2C009D9F9B /* ObjcAssociatedObjectHelpersTests.octest */ = {isa = PBXFileReference; explicitFileType = wrapper.cfbundle; includeInIndex = 0; path = ObjcAssociatedObjectHelpersTests.octest; sourceTree = BUILT_PRODUCTS_DIR; };
		49AEF1641619FB2C009D9F9B /* UnitTests-Info.plist */ = {isa = PBXFileReference; lastKnownFileType = text.plist.xml; path = "UnitTests-Info.plist"; sourceTree = "<group>"; };
		49AEF1691619FB2C009D9F9B /* UnitTests.m */ = {isa = PBXFileReference; lastKnownFileType = sourcecode.c.objc; path = UnitTests.m; sourceTree = "<group>"; };
		49BF24AA161B0903000B1590 /* README.md */ = {isa = PBXFileReference; lastKnownFileType = text; path = README.md; sourceTree = "<group>"; };
		7B9D8793181D1BDA00043489 /* Mac-StaticLibrary.xcconfig */ = {isa = PBXFileReference; lastKnownFileType = text.xcconfig; name = "Mac-StaticLibrary.xcconfig"; path = "/Volumes/2T/ServiceData/AtoZ.framework/AtoZ/AtoZAutoBox/../../xcconfigs/Mac OS X/Mac-StaticLibrary.xcconfig"; sourceTree = "<absolute>"; };
		7B9D879A181D1C3300043489 /* Test.xcconfig */ = {isa = PBXFileReference; lastKnownFileType = text.xcconfig; name = Test.xcconfig; path = ../../../../xcconfigs/Base/Configurations/Test.xcconfig; sourceTree = "<group>"; };
		7B9D879F181D1D5000043489 /* libObjcAssociatedObjectHelper.a */ = {isa = PBXFileReference; explicitFileType = archive.ar; includeInIndex = 0; path = libObjcAssociatedObjectHelper.a; sourceTree = BUILT_PRODUCTS_DIR; };
		7B9D87A0181D1D5000043489 /* Cocoa.framework */ = {isa = PBXFileReference; lastKnownFileType = wrapper.framework; name = Cocoa.framework; path = System/Library/Frameworks/Cocoa.framework; sourceTree = SDKROOT; };
		7B9D87A3181D1D5000043489 /* Foundation.framework */ = {isa = PBXFileReference; lastKnownFileType = wrapper.framework; name = Foundation.framework; path = System/Library/Frameworks/Foundation.framework; sourceTree = SDKROOT; };
		7B9D87A4181D1D5000043489 /* CoreData.framework */ = {isa = PBXFileReference; lastKnownFileType = wrapper.framework; name = CoreData.framework; path = System/Library/Frameworks/CoreData.framework; sourceTree = SDKROOT; };
		7B9D87A5181D1D5000043489 /* AppKit.framework */ = {isa = PBXFileReference; lastKnownFileType = wrapper.framework; name = AppKit.framework; path = System/Library/Frameworks/AppKit.framework; sourceTree = SDKROOT; };
		7B9D87B1181D1D5100043489 /* XCTest.framework */ = {isa = PBXFileReference; lastKnownFileType = wrapper.framework; name = XCTest.framework; path = Library/Frameworks/XCTest.framework; sourceTree = DEVELOPER_DIR; };
/* End PBXFileReference section */

/* Begin PBXFrameworksBuildPhase section */
		4918B9AA168498F000D4EAC4 /* Frameworks */ = {
			isa = PBXFrameworksBuildPhase;
			buildActionMask = 2147483647;
			files = (
				4918B9B2168498F000D4EAC4 /* Foundation.framework in Frameworks */,
			);
			runOnlyForDeploymentPostprocessing = 0;
		};
		49AD1B5316C282A10061BDC1 /* Frameworks */ = {
			isa = PBXFrameworksBuildPhase;
			buildActionMask = 2147483647;
			files = (
				49AD1B5716C282A10061BDC1 /* Foundation.framework in Frameworks */,
			);
			runOnlyForDeploymentPostprocessing = 0;
		};
		49AD1B6316C2838C0061BDC1 /* Frameworks */ = {
			isa = PBXFrameworksBuildPhase;
			buildActionMask = 2147483647;
			files = (
			);
			runOnlyForDeploymentPostprocessing = 0;
		};
		49AEF1551619FB2C009D9F9B /* Frameworks */ = {
			isa = PBXFrameworksBuildPhase;
			buildActionMask = 2147483647;
			files = (
				499C34C7161AFD7200BA2AC9 /* Foundation.framework in Frameworks */,
			);
			runOnlyForDeploymentPostprocessing = 0;
		};
		7B9D879C181D1D5000043489 /* Frameworks */ = {
			isa = PBXFrameworksBuildPhase;
			buildActionMask = 2147483647;
			files = (
				7B9D87A1181D1D5000043489 /* Cocoa.framework in Frameworks */,
			);
			runOnlyForDeploymentPostprocessing = 0;
		};
/* End PBXFrameworksBuildPhase section */

/* Begin PBXGroup section */
		49AEF0E71619F565009D9F9B = {
			isa = PBXGroup;
			children = (
				7B9D8793181D1BDA00043489 /* Mac-StaticLibrary.xcconfig */,
				49AEF0F81619F565009D9F9B /* ObjcAssociatedObjectHelpers */,
				49AEF1621619FB2C009D9F9B /* UnitTests */,
				49AEF0F51619F565009D9F9B /* Frameworks */,
				49AEF0F31619F565009D9F9B /* Products */,
				49BF24AA161B0903000B1590 /* README.md */,
				49AD1B7816C294A60061BDC1 /* LICENSE.txt */,
				49AD1B7716C293960061BDC1 /* ObjcAssociatedObjectHelpers.podspec */,
			);
			sourceTree = "<group>";
		};
		49AEF0F31619F565009D9F9B /* Products */ = {
			isa = PBXGroup;
			children = (
				49AEF1591619FB2C009D9F9B /* ObjcAssociatedObjectHelpersTests.octest */,
				4918B9AE168498F000D4EAC4 /* ObjcAssociatedObjectHelpersLibTests.octest */,
				49AD1B5616C282A10061BDC1 /* libObjcAssociatedObjectHelpersLib.a */,
				49AD1B6716C2838C0061BDC1 /* ObjcAssociatedObjectHelpers.framework */,
				7B9D879F181D1D5000043489 /* libObjcAssociatedObjectHelper.a */,
			);
			name = Products;
			sourceTree = "<group>";
		};
		49AEF0F51619F565009D9F9B /* Frameworks */ = {
			isa = PBXGroup;
			children = (
				49AEF0F61619F565009D9F9B /* Foundation.framework */,
				7B9D87A0181D1D5000043489 /* Cocoa.framework */,
				7B9D87B1181D1D5100043489 /* XCTest.framework */,
				7B9D87A2181D1D5000043489 /* Other Frameworks */,
			);
			name = Frameworks;
			sourceTree = "<group>";
		};
		49AEF0F81619F565009D9F9B /* ObjcAssociatedObjectHelpers */ = {
			isa = PBXGroup;
			children = (
				49AEF10C1619F5E8009D9F9B /* ObjcAssociatedObjectHelpers.h */,
				499C34B1161AF68000BA2AC9 /* NSObject+AssociatedDictionary.m */,
				49AEF0FB1619F565009D9F9B /* Supporting Files */,
			);
			path = ObjcAssociatedObjectHelpers;
			sourceTree = "<group>";
		};
		49AEF0FB1619F565009D9F9B /* Supporting Files */ = {
			isa = PBXGroup;
			children = (
				49AEF0FC1619F565009D9F9B /* ObjcAssociatedObjectHelpers-Prefix.pch */,
			);
			name = "Supporting Files";
			path = Supporting;
			sourceTree = "<group>";
		};
		49AEF1621619FB2C009D9F9B /* UnitTests */ = {
			isa = PBXGroup;
			children = (
				7B9D879A181D1C3300043489 /* Test.xcconfig */,
				49AEF1691619FB2C009D9F9B /* UnitTests.m */,
				49AEF1641619FB2C009D9F9B /* UnitTests-Info.plist */,
			);
			path = UnitTests;
			sourceTree = "<group>";
		};
		7B9D87A2181D1D5000043489 /* Other Frameworks */ = {
			isa = PBXGroup;
			children = (
				7B9D87A3181D1D5000043489 /* Foundation.framework */,
				7B9D87A4181D1D5000043489 /* CoreData.framework */,
				7B9D87A5181D1D5000043489 /* AppKit.framework */,
			);
			name = "Other Frameworks";
			sourceTree = "<group>";
		};
/* End PBXGroup section */

/* Begin PBXHeadersBuildPhase section */
		49AD1B6416C2838C0061BDC1 /* Headers */ = {
			isa = PBXHeadersBuildPhase;
			buildActionMask = 2147483647;
			files = (
				7BC3D5C8181DABBE009338B5 /* ObjcAssociatedObjectHelpers.h in Headers */,
			);
			runOnlyForDeploymentPostprocessing = 0;
		};
		7B9D879D181D1D5000043489 /* Headers */ = {
			isa = PBXHeadersBuildPhase;
			buildActionMask = 2147483647;
			files = (
				7B9D87C5181D1D7700043489 /* ObjcAssociatedObjectHelpers.h in Headers */,
			);
			runOnlyForDeploymentPostprocessing = 0;
		};
/* End PBXHeadersBuildPhase section */

/* Begin PBXNativeTarget section */
		4918B9AD168498F000D4EAC4 /* ObjcAssociatedObjectHelpersLibTests */ = {
			isa = PBXNativeTarget;
			buildConfigurationList = 4918B9BF168498F000D4EAC4 /* Build configuration list for PBXNativeTarget "ObjcAssociatedObjectHelpersLibTests" */;
			buildPhases = (
				4918B9A9168498F000D4EAC4 /* Sources */,
				4918B9AA168498F000D4EAC4 /* Frameworks */,
				4918B9AB168498F000D4EAC4 /* Resources */,
				4918B9AC168498F000D4EAC4 /* ShellScript */,
			);
			buildRules = (
			);
			dependencies = (
			);
			name = ObjcAssociatedObjectHelpersLibTests;
			productName = ObjcAssociatedObjectHelpersTestsiOS;
			productReference = 4918B9AE168498F000D4EAC4 /* ObjcAssociatedObjectHelpersLibTests.octest */;
			productType = "com.apple.product-type.bundle";
		};
		49AD1B5516C282A10061BDC1 /* ObjcAssociatedObjectHelpersLib */ = {
			isa = PBXNativeTarget;
			buildConfigurationList = 49AD1B6116C282A10061BDC1 /* Build configuration list for PBXNativeTarget "ObjcAssociatedObjectHelpersLib" */;
			buildPhases = (
				49AD1B5216C282A10061BDC1 /* Sources */,
				49AD1B5316C282A10061BDC1 /* Frameworks */,
				49AD1B5416C282A10061BDC1 /* CopyFiles */,
			);
			buildRules = (
			);
			dependencies = (
			);
			name = ObjcAssociatedObjectHelpersLib;
			productName = ObjcAssociatedObjectHelpers;
			productReference = 49AD1B5616C282A10061BDC1 /* libObjcAssociatedObjectHelpersLib.a */;
			productType = "com.apple.product-type.library.static";
		};
		49AD1B6616C2838C0061BDC1 /* ObjcAssociatedObjectHelpers */ = {
			isa = PBXNativeTarget;
			buildConfigurationList = 49AD1B7316C2838C0061BDC1 /* Build configuration list for PBXNativeTarget "ObjcAssociatedObjectHelpers" */;
			buildPhases = (
				49AD1B6216C2838C0061BDC1 /* Sources */,
				49AD1B6316C2838C0061BDC1 /* Frameworks */,
				49AD1B6416C2838C0061BDC1 /* Headers */,
				49AD1B6516C2838C0061BDC1 /* Resources */,
			);
			buildRules = (
			);
			dependencies = (
			);
			name = ObjcAssociatedObjectHelpers;
			productName = ObjcAssociatedObjectHelpers;
			productReference = 49AD1B6716C2838C0061BDC1 /* ObjcAssociatedObjectHelpers.framework */;
			productType = "com.apple.product-type.framework";
		};
		49AEF1581619FB2C009D9F9B /* ObjcAssociatedObjectHelpersTests */ = {
			isa = PBXNativeTarget;
			buildConfigurationList = 49AEF16E1619FB2C009D9F9B /* Build configuration list for PBXNativeTarget "ObjcAssociatedObjectHelpersTests" */;
			buildPhases = (
				49AEF1541619FB2C009D9F9B /* Sources */,
				49AEF1551619FB2C009D9F9B /* Frameworks */,
				49AEF1561619FB2C009D9F9B /* Resources */,
			);
			buildRules = (
			);
			dependencies = (
				7BC3D5CA181DABD7009338B5 /* PBXTargetDependency */,
			);
			name = ObjcAssociatedObjectHelpersTests;
			productName = UnitTests;
			productReference = 49AEF1591619FB2C009D9F9B /* ObjcAssociatedObjectHelpersTests.octest */;
			productType = "com.apple.product-type.bundle.unit-test";
		};
		7B9D879E181D1D5000043489 /* ObjcAssociatedObjectHelper */ = {
			isa = PBXNativeTarget;
			buildConfigurationList = 7B9D87BF181D1D5100043489 /* Build configuration list for PBXNativeTarget "ObjcAssociatedObjectHelper" */;
			buildPhases = (
				7B9D879B181D1D5000043489 /* Sources */,
				7B9D879C181D1D5000043489 /* Frameworks */,
				7B9D879D181D1D5000043489 /* Headers */,
			);
			buildRules = (
			);
			dependencies = (
			);
			name = ObjcAssociatedObjectHelper;
			productName = ObjcAssociatedObjectHelper;
			productReference = 7B9D879F181D1D5000043489 /* libObjcAssociatedObjectHelper.a */;
			productType = "com.apple.product-type.library.static";
		};
/* End PBXNativeTarget section */

/* Begin PBXProject section */
		49AEF0E91619F565009D9F9B /* Project object */ = {
			isa = PBXProject;
			attributes = {
				LastUpgradeCheck = 0500;
				ORGANIZATIONNAME = jbsoft;
				TargetAttributes = {
					4918B9AD168498F000D4EAC4 = {
						TestTargetID = 49AD1B5516C282A10061BDC1;
					};
					49AEF1581619FB2C009D9F9B = {
						TestTargetID = 7B9D879E181D1D5000043489;
					};
				};
			};
			buildConfigurationList = 49AEF0EC1619F565009D9F9B /* Build configuration list for PBXProject "ObjcAssociatedObjectHelpers" */;
			compatibilityVersion = "Xcode 3.2";
			developmentRegion = English;
			hasScannedForEncodings = 0;
			knownRegions = (
				en,
			);
			mainGroup = 49AEF0E71619F565009D9F9B;
			productRefGroup = 49AEF0F31619F565009D9F9B /* Products */;
			projectDirPath = "";
			projectRoot = "";
			targets = (
				49AD1B5516C282A10061BDC1 /* ObjcAssociatedObjectHelpersLib */,
				4918B9AD168498F000D4EAC4 /* ObjcAssociatedObjectHelpersLibTests */,
				49AD1B6616C2838C0061BDC1 /* ObjcAssociatedObjectHelpers */,
				49AEF1581619FB2C009D9F9B /* ObjcAssociatedObjectHelpersTests */,
				7B9D879E181D1D5000043489 /* ObjcAssociatedObjectHelper */,
			);
		};
/* End PBXProject section */

/* Begin PBXResourcesBuildPhase section */
		4918B9AB168498F000D4EAC4 /* Resources */ = {
			isa = PBXResourcesBuildPhase;
			buildActionMask = 2147483647;
			files = (
			);
			runOnlyForDeploymentPostprocessing = 0;
		};
		49AD1B6516C2838C0061BDC1 /* Resources */ = {
			isa = PBXResourcesBuildPhase;
			buildActionMask = 2147483647;
			files = (
			);
			runOnlyForDeploymentPostprocessing = 0;
		};
		49AEF1561619FB2C009D9F9B /* Resources */ = {
			isa = PBXResourcesBuildPhase;
			buildActionMask = 2147483647;
			files = (
			);
			runOnlyForDeploymentPostprocessing = 0;
		};
/* End PBXResourcesBuildPhase section */

/* Begin PBXShellScriptBuildPhase section */
		4918B9AC168498F000D4EAC4 /* ShellScript */ = {
			isa = PBXShellScriptBuildPhase;
			buildActionMask = 2147483647;
			files = (
			);
			inputPaths = (
			);
			outputPaths = (
			);
			runOnlyForDeploymentPostprocessing = 0;
			shellPath = /bin/sh;
			shellScript = "# Run the unit tests in this test bundle.\n\"${SYSTEM_DEVELOPER_DIR}/Tools/RunUnitTests\"\n";
		};
/* End PBXShellScriptBuildPhase section */

/* Begin PBXSourcesBuildPhase section */
		4918B9A9168498F000D4EAC4 /* Sources */ = {
			isa = PBXSourcesBuildPhase;
			buildActionMask = 2147483647;
			files = (
			);
			runOnlyForDeploymentPostprocessing = 0;
		};
		49AD1B5216C282A10061BDC1 /* Sources */ = {
			isa = PBXSourcesBuildPhase;
			buildActionMask = 2147483647;
			files = (
				7BC3D5C6181DAB6B009338B5 /* NSObject+AssociatedDictionary.m in Sources */,
			);
			runOnlyForDeploymentPostprocessing = 0;
		};
		49AD1B6216C2838C0061BDC1 /* Sources */ = {
			isa = PBXSourcesBuildPhase;
			buildActionMask = 2147483647;
			files = (
				7BC3D5C7181DAB93009338B5 /* NSObject+AssociatedDictionary.m in Sources */,
			);
			runOnlyForDeploymentPostprocessing = 0;
		};
		49AEF1541619FB2C009D9F9B /* Sources */ = {
			isa = PBXSourcesBuildPhase;
			buildActionMask = 2147483647;
			files = (
				49BF24A8161B0805000B1590 /* NSObject+AssociatedDictionary.m in Sources */,
				7BC3D5CC181DABF2009338B5 /* UnitTests.m in Sources */,
			);
			runOnlyForDeploymentPostprocessing = 0;
		};
		7B9D879B181D1D5000043489 /* Sources */ = {
			isa = PBXSourcesBuildPhase;
			buildActionMask = 2147483647;
			files = (
				7B9D87C7181D1D8000043489 /* NSObject+AssociatedDictionary.m in Sources */,
			);
			runOnlyForDeploymentPostprocessing = 0;
		};
/* End PBXSourcesBuildPhase section */

/* Begin PBXTargetDependency section */
		7BC3D5CA181DABD7009338B5 /* PBXTargetDependency */ = {
			isa = PBXTargetDependency;
			target = 7B9D879E181D1D5000043489 /* ObjcAssociatedObjectHelper */;
			targetProxy = 7BC3D5C9181DABD7009338B5 /* PBXContainerItemProxy */;
		};
/* End PBXTargetDependency section */

/* Begin XCBuildConfiguration section */
		4918B9BD168498F000D4EAC4 /* Debug */ = {
			isa = XCBuildConfiguration;
			baseConfigurationReference = 7B9D879A181D1C3300043489 /* Test.xcconfig */;
			buildSettings = {
				FRAMEWORK_SEARCH_PATHS = (
					"\"$(SDKROOT)/Developer/Library/Frameworks\"",
					"\"$(DEVELOPER_LIBRARY_DIR)/Frameworks\"",
				);
				GCC_PRECOMPILE_PREFIX_HEADER = YES;
				INFOPLIST_FILE = "ObjcAssociatedObjectHelpers/ObjcAssociatedObjectHelpers-Info.plist";
				ONLY_ACTIVE_ARCH = YES;
				PRODUCT_NAME = "$(TARGET_NAME)";
				SDKROOT = iphoneos;
				WRAPPER_EXTENSION = octest;
			};
			name = Debug;
		};
		4918B9BE168498F000D4EAC4 /* Release */ = {
			isa = XCBuildConfiguration;
			buildSettings = {
				FRAMEWORK_SEARCH_PATHS = (
					"\"$(SDKROOT)/Developer/Library/Frameworks\"",
					"\"$(DEVELOPER_LIBRARY_DIR)/Frameworks\"",
				);
				GCC_PRECOMPILE_PREFIX_HEADER = YES;
				INFOPLIST_FILE = "ObjcAssociatedObjectHelpers/ObjcAssociatedObjectHelpers-Info.plist";
				PRODUCT_NAME = "$(TARGET_NAME)";
				SDKROOT = iphoneos;
				VALIDATE_PRODUCT = YES;
				WRAPPER_EXTENSION = octest;
			};
			name = Release;
		};
		49AD1B5F16C282A10061BDC1 /* Debug */ = {
			isa = XCBuildConfiguration;
			buildSettings = {
				CLANG_WARN_CONSTANT_CONVERSION = YES;
				CLANG_WARN_ENUM_CONVERSION = YES;
				CLANG_WARN_INT_CONVERSION = YES;
				DSTROOT = /tmp/ObjcAssociatedObjectHelpers.dst;
				GCC_PRECOMPILE_PREFIX_HEADER = YES;
				GCC_PREFIX_HEADER = "ObjcAssociatedObjectHelpers/ObjcAssociatedObjectHelpers-Prefix.pch";
				ONLY_ACTIVE_ARCH = YES;
				OTHER_LDFLAGS = "-ObjC";
				PRODUCT_NAME = "$(TARGET_NAME)";
				SDKROOT = iphoneos;
				SKIP_INSTALL = YES;
			};
			name = Debug;
		};
		49AD1B6016C282A10061BDC1 /* Release */ = {
			isa = XCBuildConfiguration;
			buildSettings = {
				CLANG_WARN_CONSTANT_CONVERSION = YES;
				CLANG_WARN_ENUM_CONVERSION = YES;
				CLANG_WARN_INT_CONVERSION = YES;
				DSTROOT = /tmp/ObjcAssociatedObjectHelpers.dst;
				GCC_PRECOMPILE_PREFIX_HEADER = YES;
				GCC_PREFIX_HEADER = "ObjcAssociatedObjectHelpers/ObjcAssociatedObjectHelpers-Prefix.pch";
				OTHER_LDFLAGS = "-ObjC";
				PRODUCT_NAME = "$(TARGET_NAME)";
				SDKROOT = iphoneos;
				SKIP_INSTALL = YES;
				VALIDATE_PRODUCT = YES;
			};
			name = Release;
		};
		49AD1B7416C2838C0061BDC1 /* Debug */ = {
			isa = XCBuildConfiguration;
			buildSettings = {
				CLANG_WARN_CONSTANT_CONVERSION = YES;
				CLANG_WARN_ENUM_CONVERSION = YES;
				CLANG_WARN_INT_CONVERSION = YES;
				COMBINE_HIDPI_IMAGES = YES;
				DYLIB_COMPATIBILITY_VERSION = 1;
				DYLIB_CURRENT_VERSION = 1;
				FRAMEWORK_VERSION = A;
				GCC_PRECOMPILE_PREFIX_HEADER = YES;
				GCC_PREFIX_HEADER = "ObjcAssociatedObjectHelpers/ObjcAssociatedObjectHelpers-Prefix.pch";
				INFOPLIST_FILE = "ObjcAssociatedObjectHelpers/ObjcAssociatedObjectHelpers-Info.plist";
				ONLY_ACTIVE_ARCH = YES;
				PRODUCT_NAME = "$(TARGET_NAME)";
				SDKROOT = macosx;
				WRAPPER_EXTENSION = framework;
			};
			name = Debug;
		};
		49AD1B7516C2838C0061BDC1 /* Release */ = {
			isa = XCBuildConfiguration;
			buildSettings = {
				CLANG_WARN_CONSTANT_CONVERSION = YES;
				CLANG_WARN_ENUM_CONVERSION = YES;
				CLANG_WARN_INT_CONVERSION = YES;
				COMBINE_HIDPI_IMAGES = YES;
				DYLIB_COMPATIBILITY_VERSION = 1;
				DYLIB_CURRENT_VERSION = 1;
				FRAMEWORK_VERSION = A;
				GCC_PRECOMPILE_PREFIX_HEADER = YES;
				GCC_PREFIX_HEADER = "ObjcAssociatedObjectHelpers/ObjcAssociatedObjectHelpers-Prefix.pch";
				INFOPLIST_FILE = "ObjcAssociatedObjectHelpers/ObjcAssociatedObjectHelpers-Info.plist";
				PRODUCT_NAME = "$(TARGET_NAME)";
				SDKROOT = macosx;
				WRAPPER_EXTENSION = framework;
			};
			name = Release;
		};
		49AEF0FF1619F565009D9F9B /* Debug */ = {
			isa = XCBuildConfiguration;
			buildSettings = {
				CLANG_CXX_LANGUAGE_STANDARD = "gnu++0x";
				CLANG_CXX_LIBRARY = "libc++";
				CLANG_ENABLE_OBJC_ARC = YES;
				CLANG_WARN_EMPTY_BODY = YES;
				CLANG_WARN__DUPLICATE_METHOD_MATCH = YES;
				COPY_PHASE_STRIP = NO;
				GCC_ENABLE_OBJC_EXCEPTIONS = YES;
				GCC_GENERATE_TEST_COVERAGE_FILES = YES;
				GCC_INSTRUMENT_PROGRAM_FLOW_ARCS = YES;
				GCC_OPTIMIZATION_LEVEL = 0;
				GCC_PREFIX_HEADER = "ObjcAssociatedObjectHelpers/ObjcAssociatedObjectHelpers-Prefix.pch";
				GCC_PREPROCESSOR_DEFINITIONS = (
					"DEBUG=1",
					"$(inherited)",
				);
				GCC_SYMBOLS_PRIVATE_EXTERN = NO;
				GCC_TREAT_IMPLICIT_FUNCTION_DECLARATIONS_AS_ERRORS = YES;
				GCC_WARN_64_TO_32_BIT_CONVERSION = YES;
				GCC_WARN_ABOUT_MISSING_PROTOTYPES = YES;
				GCC_WARN_ABOUT_RETURN_TYPE = YES;
				GCC_WARN_UNINITIALIZED_AUTOS = YES;
				GCC_WARN_UNUSED_VARIABLE = YES;
				GENERATE_PROFILING_CODE = YES;
				IPHONEOS_DEPLOYMENT_TARGET = 4.3;
				MACOSX_DEPLOYMENT_TARGET = 10.7;
				ONLY_ACTIVE_ARCH = YES;
			};
			name = Debug;
		};
		49AEF1001619F565009D9F9B /* Release */ = {
			isa = XCBuildConfiguration;
			buildSettings = {
				CLANG_CXX_LANGUAGE_STANDARD = "gnu++0x";
				CLANG_CXX_LIBRARY = "libc++";
				CLANG_ENABLE_OBJC_ARC = YES;
				CLANG_WARN_EMPTY_BODY = YES;
				CLANG_WARN__DUPLICATE_METHOD_MATCH = YES;
				COPY_PHASE_STRIP = YES;
				DEBUG_INFORMATION_FORMAT = "dwarf-with-dsym";
				GCC_ENABLE_OBJC_EXCEPTIONS = YES;
				GCC_PREFIX_HEADER = "ObjcAssociatedObjectHelpers/ObjcAssociatedObjectHelpers-Prefix.pch";
				GCC_TREAT_IMPLICIT_FUNCTION_DECLARATIONS_AS_ERRORS = YES;
				GCC_WARN_64_TO_32_BIT_CONVERSION = YES;
				GCC_WARN_ABOUT_MISSING_PROTOTYPES = YES;
				GCC_WARN_ABOUT_RETURN_TYPE = YES;
				GCC_WARN_UNINITIALIZED_AUTOS = YES;
				GCC_WARN_UNUSED_VARIABLE = YES;
				IPHONEOS_DEPLOYMENT_TARGET = 4.3;
				MACOSX_DEPLOYMENT_TARGET = 10.7;
			};
			name = Release;
		};
		49AEF16C1619FB2C009D9F9B /* Debug */ = {
			isa = XCBuildConfiguration;
			baseConfigurationReference = 7B9D879A181D1C3300043489 /* Test.xcconfig */;
			buildSettings = {
				COMBINE_HIDPI_IMAGES = YES;
				PRODUCT_NAME = "$(TARGET_NAME)";
			};
			name = Debug;
		};
		49AEF16D1619FB2C009D9F9B /* Release */ = {
			isa = XCBuildConfiguration;
			buildSettings = {
				COMBINE_HIDPI_IMAGES = YES;
				PRODUCT_NAME = "$(TARGET_NAME)";
			};
			name = Release;
		};
		7B9D87C0181D1D5100043489 /* Debug */ = {
			isa = XCBuildConfiguration;
			baseConfigurationReference = 7B9D8793181D1BDA00043489 /* Mac-StaticLibrary.xcconfig */;
			buildSettings = {
				CLANG_CXX_LANGUAGE_STANDARD = "compiler-default";
				CLANG_WARN_BOOL_CONVERSION = YES;
				CLANG_WARN_CONSTANT_CONVERSION = YES;
				CLANG_WARN_DIRECT_OBJC_ISA_USAGE = YES_ERROR;
				CLANG_WARN_ENUM_CONVERSION = YES;
				CLANG_WARN_INT_CONVERSION = YES;
				CLANG_WARN_OBJC_ROOT_CLASS = YES_ERROR;
				GCC_DYNAMIC_NO_PIC = NO;
				GCC_PRECOMPILE_PREFIX_HEADER = NO;
				GCC_PREPROCESSOR_DEFINITIONS = (
					"DEBUG=1",
					"$(inherited)",
				);
				GCC_UNROLL_LOOPS = NO;
				GCC_WARN_ABOUT_RETURN_TYPE = YES_ERROR;
				GCC_WARN_UNDECLARED_SELECTOR = YES;
				GCC_WARN_UNUSED_FUNCTION = YES;
				ONLY_ACTIVE_ARCH = YES;
				PRODUCT_NAME = "$(TARGET_NAME)";
			};
			name = Debug;
		};
		7B9D87C1181D1D5100043489 /* Release */ = {
			isa = XCBuildConfiguration;
			buildSettings = {
				CLANG_CXX_LANGUAGE_STANDARD = "compiler-default";
				CLANG_WARN_BOOL_CONVERSION = YES;
				CLANG_WARN_CONSTANT_CONVERSION = YES;
				CLANG_WARN_DIRECT_OBJC_ISA_USAGE = YES_ERROR;
				CLANG_WARN_ENUM_CONVERSION = YES;
				CLANG_WARN_INT_CONVERSION = YES;
				CLANG_WARN_OBJC_ROOT_CLASS = YES_ERROR;
				ENABLE_NS_ASSERTIONS = NO;
				GCC_PRECOMPILE_PREFIX_HEADER = NO;
				GCC_UNROLL_LOOPS = NO;
				GCC_WARN_ABOUT_RETURN_TYPE = YES_ERROR;
				GCC_WARN_UNDECLARED_SELECTOR = YES;
				GCC_WARN_UNUSED_FUNCTION = YES;
				PRODUCT_NAME = "$(TARGET_NAME)";
			};
			name = Release;
		};
/* End XCBuildConfiguration section */

/* Begin XCConfigurationList section */
		4918B9BF168498F000D4EAC4 /* Build configuration list for PBXNativeTarget "ObjcAssociatedObjectHelpersLibTests" */ = {
			isa = XCConfigurationList;
			buildConfigurations = (
				4918B9BD168498F000D4EAC4 /* Debug */,
				4918B9BE168498F000D4EAC4 /* Release */,
			);
			defaultConfigurationIsVisible = 0;
			defaultConfigurationName = Release;
		};
		49AD1B6116C282A10061BDC1 /* Build configuration list for PBXNativeTarget "ObjcAssociatedObjectHelpersLib" */ = {
			isa = XCConfigurationList;
			buildConfigurations = (
				49AD1B5F16C282A10061BDC1 /* Debug */,
				49AD1B6016C282A10061BDC1 /* Release */,
			);
			defaultConfigurationIsVisible = 0;
			defaultConfigurationName = Release;
		};
		49AD1B7316C2838C0061BDC1 /* Build configuration list for PBXNativeTarget "ObjcAssociatedObjectHelpers" */ = {
			isa = XCConfigurationList;
			buildConfigurations = (
				49AD1B7416C2838C0061BDC1 /* Debug */,
				49AD1B7516C2838C0061BDC1 /* Release */,
			);
			defaultConfigurationIsVisible = 0;
			defaultConfigurationName = Release;
		};
		49AEF0EC1619F565009D9F9B /* Build configuration list for PBXProject "ObjcAssociatedObjectHelpers" */ = {
			isa = XCConfigurationList;
			buildConfigurations = (
				49AEF0FF1619F565009D9F9B /* Debug */,
				49AEF1001619F565009D9F9B /* Release */,
			);
			defaultConfigurationIsVisible = 0;
			defaultConfigurationName = Release;
		};
		49AEF16E1619FB2C009D9F9B /* Build configuration list for PBXNativeTarget "ObjcAssociatedObjectHelpersTests" */ = {
			isa = XCConfigurationList;
			buildConfigurations = (
				49AEF16C1619FB2C009D9F9B /* Debug */,
				49AEF16D1619FB2C009D9F9B /* Release */,
			);
			defaultConfigurationIsVisible = 0;
			defaultConfigurationName = Release;
		};
		7B9D87BF181D1D5100043489 /* Build configuration list for PBXNativeTarget "ObjcAssociatedObjectHelper" */ = {
			isa = XCConfigurationList;
			buildConfigurations = (
				7B9D87C0181D1D5100043489 /* Debug */,
				7B9D87C1181D1D5100043489 /* Release */,
			);
			defaultConfigurationIsVisible = 0;
			defaultConfigurationName = Release;
		};
/* End XCConfigurationList section */
	};
	rootObject = 49AEF0E91619F565009D9F9B /* Project object */;
}
