PODS:
  - Expecta (HEAD based on 0.3.2)
  - ReactiveCocoa (2.2.3):
    - ReactiveCocoa/Core (= 2.2.3)
    - ReactiveCocoa/no-arc (= 2.2.3)
  - ReactiveCocoa/Core (2.2.3):
    - ReactiveCocoa/no-arc
  - ReactiveCocoa/no-arc (2.2.3)
  - Specta (HEAD based on 0.3.2)

DEPENDENCIES:
  - Expecta (HEAD)
  - ReactiveCocoa (= 2.2.3)
  - Specta (HEAD)

SPEC CHECKSUMS:
  Expecta: ee641011fe10aa1855d487b40e4976dac50ec342
  ReactiveCocoa: b751b6d1df73688da1040a3cd5b068765ec118d4
  Specta: 698a58ffa5ec948327d3b92eab50ca58d7f4fbe8

COCOAPODS: 0.35.0
